
Microsoft Visual Studio Solution File, Format Version 12.00
# Visual Studio Version 17
VisualStudioVersion = 17.4.33213.308
MinimumVisualStudioVersion = 10.0.40219.1
Project("{FAE04EC0-301F-11D3-BF4B-00C04F79EFBC}") = "Person", "Person\Person.csproj", "{4A7060A4-0EA2-4FCD-95A0-652E15D9DAAA}"
EndProject
Global
	GlobalSection(SolutionConfigurationPlatforms) = preSolution
		Debug|Any CPU = Debug|Any CPU
		Release|Any CPU = Release|Any CPU
	EndGlobalSection
	GlobalSection(ProjectConfigurationPlatforms) = postSolution
		{4A7060A4-0EA2-4FCD-95A0-652E15D9DAAA}.Debug|Any CPU.ActiveCfg = Debug|Any CPU
		{4A7060A4-0EA2-4FCD-95A0-652E15D9DAAA}.Debug|Any CPU.Build.0 = Debug|Any CPU
		{4A7060A4-0EA2-4FCD-95A0-652E15D9DAAA}.Release|Any CPU.ActiveCfg = Release|Any CPU
		{4A7060A4-0EA2-4FCD-95A0-652E15D9DAAA}.Release|Any CPU.Build.0 = Release|Any CPU
	EndGlobalSection
	GlobalSection(SolutionProperties) = preSolution
		HideSolutionNode = FALSE
	EndGlobalSection
	GlobalSection(ExtensibilityGlobals) = postSolution
		SolutionGuid = {69A2B80A-7856-451D-8689-5DB98A9853E5}
	EndGlobalSection
EndGlobal
